// !$*UTF8*$!
{
	archiveVersion = 1;
	classes = {
	};
	objectVersion = 77;
	objects = {

/* Begin PBXBuildFile section */
		18188E552E66C2BE00D7A7C7 /* FirebaseCrashlytics in Frameworks */ = {isa = PBXBuildFile; productRef = 18188E542E66C2BE00D7A7C7 /* FirebaseCrashlytics */; };
		18188E572E66C2BE00D7A7C7 /* FirebaseRemoteConfig in Frameworks */ = {isa = PBXBuildFile; productRef = 18188E562E66C2BE00D7A7C7 /* FirebaseRemoteConfig */; };
		18188E5A2E66C2E800D7A7C7 /* IQKeyboardManagerSwift in Frameworks */ = {isa = PBXBuildFile; productRef = 18188E592E66C2E800D7A7C7 /* IQKeyboardManagerSwift */; };
		18188E5D2E66C2FE00D7A7C7 /* RevenueCat in Frameworks */ = {isa = PBXBuildFile; productRef = 18188E5C2E66C2FE00D7A7C7 /* RevenueCat */; };
		18188E602E66C31C00D7A7C7 /* Reachability in Frameworks */ = {isa = PBXBuildFile; productRef = 18188E5F2E66C31C00D7A7C7 /* Reachability */; };
		18188E632E66C33B00D7A7C7 /* GoogleMobileAds in Frameworks */ = {isa = PBXBuildFile; productRef = 18188E622E66C33B00D7A7C7 /* GoogleMobileAds */; };
		18188E662E66C35800D7A7C7 /* SwiftyAds in Frameworks */ = {isa = PBXBuildFile; productRef = 18188E652E66C35800D7A7C7 /* SwiftyAds */; };
/* End PBXBuildFile section */

/* Begin PBXFileReference section */
		18188C752E66B0CB00D7A7C7 /* MXVideoSaver.app */ = {isa = PBXFileReference; explicitFileType = wrapper.application; includeInIndex = 0; path = MXVideoSaver.app; sourceTree = BUILT_PRODUCTS_DIR; };
/* End PBXFileReference section */

/* Begin PBXFileSystemSynchronizedBuildFileExceptionSet section */
		18188DE32E66C10D00D7A7C7 /* Exceptions for "MXVideoSaver" folder in "MXVideoSaver" target */ = {
			isa = PBXFileSystemSynchronizedBuildFileExceptionSet;
			membershipExceptions = (
				Info.plist,
			);
			target = 18188C742E66B0CB00D7A7C7 /* MXVideoSaver */;
		};
/* End PBXFileSystemSynchronizedBuildFileExceptionSet section */

/* Begin PBXFileSystemSynchronizedRootGroup section */
		18188C772E66B0CB00D7A7C7 /* MXVideoSaver */ = {
			isa = PBXFileSystemSynchronizedRootGroup;
			exceptions = (
				18188DE32E66C10D00D7A7C7 /* Exceptions for "MXVideoSaver" folder in "MXVideoSaver" target */,
			);
			path = MXVideoSaver;
			sourceTree = "<group>";
		};
/* End PBXFileSystemSynchronizedRootGroup section */

/* Begin PBXFrameworksBuildPhase section */
		18188C722E66B0CB00D7A7C7 /* Frameworks */ = {
			isa = PBXFrameworksBuildPhase;
			buildActionMask = 2147483647;
			files = (
				18188E662E66C35800D7A7C7 /* SwiftyAds in Frameworks */,
				18188E632E66C33B00D7A7C7 /* GoogleMobileAds in Frameworks */,
				18188E5D2E66C2FE00D7A7C7 /* RevenueCat in Frameworks */,
				18188E552E66C2BE00D7A7C7 /* FirebaseCrashlytics in Frameworks */,
				18188E602E66C31C00D7A7C7 /* Reachability in Frameworks */,
				18188E572E66C2BE00D7A7C7 /* FirebaseRemoteConfig in Frameworks */,
				18188E5A2E66C2E800D7A7C7 /* IQKeyboardManagerSwift in Frameworks */,
			);
			runOnlyForDeploymentPostprocessing = 0;
		};
/* End PBXFrameworksBuildPhase section */

/* Begin PBXGroup section */
		18188C6C2E66B0CB00D7A7C7 = {
			isa = PBXGroup;
			children = (
				18188C772E66B0CB00D7A7C7 /* MXVideoSaver */,
				18188C762E66B0CB00D7A7C7 /* Products */,
			);
			sourceTree = "<group>";
		};
		18188C762E66B0CB00D7A7C7 /* Products */ = {
			isa = PBXGroup;
			children = (
				18188C752E66B0CB00D7A7C7 /* MXVideoSaver.app */,
			);
			name = Products;
			sourceTree = "<group>";
		};
/* End PBXGroup section */

/* Begin PBXNativeTarget section */
		18188C742E66B0CB00D7A7C7 /* MXVideoSaver */ = {
			isa = PBXNativeTarget;
			buildConfigurationList = 18188C832E66B0CD00D7A7C7 /* Build configuration list for PBXNativeTarget "MXVideoSaver" */;
			buildPhases = (
				18188C712E66B0CB00D7A7C7 /* Sources */,
				18188C722E66B0CB00D7A7C7 /* Frameworks */,
				18188C732E66B0CB00D7A7C7 /* Resources */,
			);
			buildRules = (
			);
			dependencies = (
			);
			fileSystemSynchronizedGroups = (
				18188C772E66B0CB00D7A7C7 /* MXVideoSaver */,
			);
			name = MXVideoSaver;
			packageProductDependencies = (
				18188E542E66C2BE00D7A7C7 /* FirebaseCrashlytics */,
				18188E562E66C2BE00D7A7C7 /* FirebaseRemoteConfig */,
				18188E592E66C2E800D7A7C7 /* IQKeyboardManagerSwift */,
				18188E5C2E66C2FE00D7A7C7 /* RevenueCat */,
				18188E5F2E66C31C00D7A7C7 /* Reachability */,
				18188E622E66C33B00D7A7C7 /* GoogleMobileAds */,
				18188E652E66C35800D7A7C7 /* SwiftyAds */,
			);
			productName = MXVideoSaver;
			productReference = 18188C752E66B0CB00D7A7C7 /* MXVideoSaver.app */;
			productType = "com.apple.product-type.application";
		};
/* End PBXNativeTarget section */

/* Begin PBXProject section */
		18188C6D2E66B0CB00D7A7C7 /* Project object */ = {
			isa = PBXProject;
			attributes = {
				BuildIndependentTargetsInParallel = 1;
				LastSwiftUpdateCheck = 1600;
				LastUpgradeCheck = 1600;
				TargetAttributes = {
					18188C742E66B0CB00D7A7C7 = {
						CreatedOnToolsVersion = 16.0;
					};
				};
			};
			buildConfigurationList = 18188C702E66B0CB00D7A7C7 /* Build configuration list for PBXProject "MXVideoSaver" */;
			developmentRegion = en;
			hasScannedForEncodings = 0;
			knownRegions = (
				en,
				Base,
			);
			mainGroup = 18188C6C2E66B0CB00D7A7C7;
			minimizedProjectReferenceProxies = 1;
			packageReferences = (
				18188E532E66C2BE00D7A7C7 /* XCRemoteSwiftPackageReference "firebase-ios-sdk" */,
				18188E582E66C2E800D7A7C7 /* XCRemoteSwiftPackageReference "IQKeyboardManager" */,
				18188E5B2E66C2FE00D7A7C7 /* XCRemoteSwiftPackageReference "purchases-ios-spm" */,
				18188E5E2E66C31C00D7A7C7 /* XCRemoteSwiftPackageReference "Reachability.swift" */,
				18188E612E66C33B00D7A7C7 /* XCRemoteSwiftPackageReference "swift-package-manager-google-mobile-ads" */,
				18188E642E66C35800D7A7C7 /* XCRemoteSwiftPackageReference "swifty-ads" */,
			);
			preferredProjectObjectVersion = 77;
			productRefGroup = 18188C762E66B0CB00D7A7C7 /* Products */;
			projectDirPath = "";
			projectRoot = "";
			targets = (
				18188C742E66B0CB00D7A7C7 /* MXVideoSaver */,
			);
		};
/* End PBXProject section */

/* Begin PBXResourcesBuildPhase section */
		18188C732E66B0CB00D7A7C7 /* Resources */ = {
			isa = PBXResourcesBuildPhase;
			buildActionMask = 2147483647;
			files = (
			);
			runOnlyForDeploymentPostprocessing = 0;
		};
/* End PBXResourcesBuildPhase section */

/* Begin PBXSourcesBuildPhase section */
		18188C712E66B0CB00D7A7C7 /* Sources */ = {
			isa = PBXSourcesBuildPhase;
			buildActionMask = 2147483647;
			files = (
			);
			runOnlyForDeploymentPostprocessing = 0;
		};
/* End PBXSourcesBuildPhase section */

/* Begin XCBuildConfiguration section */
		18188C812E66B0CD00D7A7C7 /* Debug */ = {
			isa = XCBuildConfiguration;
			buildSettings = {
				ALWAYS_SEARCH_USER_PATHS = NO;
				ASSETCATALOG_COMPILER_GENERATE_SWIFT_ASSET_SYMBOL_EXTENSIONS = YES;
				CLANG_ANALYZER_NONNULL = YES;
				CLANG_ANALYZER_NUMBER_OBJECT_CONVERSION = YES_AGGRESSIVE;
				CLANG_CXX_LANGUAGE_STANDARD = "gnu++20";
				CLANG_ENABLE_MODULES = YES;
				CLANG_ENABLE_OBJC_ARC = YES;
				CLANG_ENABLE_OBJC_WEAK = YES;
				CLANG_WARN_BLOCK_CAPTURE_AUTORELEASING = YES;
				CLANG_WARN_BOOL_CONVERSION = YES;
				CLANG_WARN_COMMA = YES;
				CLANG_WARN_CONSTANT_CONVERSION = YES;
				CLANG_WARN_DEPRECATED_OBJC_IMPLEMENTATIONS = YES;
				CLANG_WARN_DIRECT_OBJC_ISA_USAGE = YES_ERROR;
				CLANG_WARN_DOCUMENTATION_COMMENTS = YES;
				CLANG_WARN_EMPTY_BODY = YES;
				CLANG_WARN_ENUM_CONVERSION = YES;
				CLANG_WARN_INFINITE_RECURSION = YES;
				CLANG_WARN_INT_CONVERSION = YES;
				CLANG_WARN_NON_LITERAL_NULL_CONVERSION = YES;
				CLANG_WARN_OBJC_IMPLICIT_RETAIN_SELF = YES;
				CLANG_WARN_OBJC_LITERAL_CONVERSION = YES;
				CLANG_WARN_OBJC_ROOT_CLASS = YES_ERROR;
				CLANG_WARN_QUOTED_INCLUDE_IN_FRAMEWORK_HEADER = YES;
				CLANG_WARN_RANGE_LOOP_ANALYSIS = YES;
				CLANG_WARN_STRICT_PROTOTYPES = YES;
				CLANG_WARN_SUSPICIOUS_MOVE = YES;
				CLANG_WARN_UNGUARDED_AVAILABILITY = YES_AGGRESSIVE;
				CLANG_WARN_UNREACHABLE_CODE = YES;
				CLANG_WARN__DUPLICATE_METHOD_MATCH = YES;
				COPY_PHASE_STRIP = NO;
				DEBUG_INFORMATION_FORMAT = dwarf;
				ENABLE_STRICT_OBJC_MSGSEND = YES;
				ENABLE_TESTABILITY = YES;
				ENABLE_USER_SCRIPT_SANDBOXING = YES;
				GCC_C_LANGUAGE_STANDARD = gnu17;
				GCC_DYNAMIC_NO_PIC = NO;
				GCC_NO_COMMON_BLOCKS = YES;
				GCC_OPTIMIZATION_LEVEL = 0;
				GCC_PREPROCESSOR_DEFINITIONS = (
					"DEBUG=1",
					"$(inherited)",
				);
				GCC_WARN_64_TO_32_BIT_CONVERSION = YES;
				GCC_WARN_ABOUT_RETURN_TYPE = YES_ERROR;
				GCC_WARN_UNDECLARED_SELECTOR = YES;
				GCC_WARN_UNINITIALIZED_AUTOS = YES_AGGRESSIVE;
				GCC_WARN_UNUSED_FUNCTION = YES;
				GCC_WARN_UNUSED_VARIABLE = YES;
				IPHONEOS_DEPLOYMENT_TARGET = 18.0;
				LOCALIZATION_PREFERS_STRING_CATALOGS = YES;
				MTL_ENABLE_DEBUG_INFO = INCLUDE_SOURCE;
				MTL_FAST_MATH = YES;
				ONLY_ACTIVE_ARCH = YES;
				SDKROOT = iphoneos;
				SWIFT_ACTIVE_COMPILATION_CONDITIONS = "DEBUG $(inherited)";
				SWIFT_OPTIMIZATION_LEVEL = "-Onone";
			};
			name = Debug;
		};
		18188C822E66B0CD00D7A7C7 /* Release */ = {
			isa = XCBuildConfiguration;
			buildSettings = {
				ALWAYS_SEARCH_USER_PATHS = NO;
				ASSETCATALOG_COMPILER_GENERATE_SWIFT_ASSET_SYMBOL_EXTENSIONS = YES;
				CLANG_ANALYZER_NONNULL = YES;
				CLANG_ANALYZER_NUMBER_OBJECT_CONVERSION = YES_AGGRESSIVE;
				CLANG_CXX_LANGUAGE_STANDARD = "gnu++20";
				CLANG_ENABLE_MODULES = YES;
				CLANG_ENABLE_OBJC_ARC = YES;
				CLANG_ENABLE_OBJC_WEAK = YES;
				CLANG_WARN_BLOCK_CAPTURE_AUTORELEASING = YES;
				CLANG_WARN_BOOL_CONVERSION = YES;
				CLANG_WARN_COMMA = YES;
				CLANG_WARN_CONSTANT_CONVERSION = YES;
				CLANG_WARN_DEPRECATED_OBJC_IMPLEMENTATIONS = YES;
				CLANG_WARN_DIRECT_OBJC_ISA_USAGE = YES_ERROR;
				CLANG_WARN_DOCUMENTATION_COMMENTS = YES;
				CLANG_WARN_EMPTY_BODY = YES;
				CLANG_WARN_ENUM_CONVERSION = YES;
				CLANG_WARN_INFINITE_RECURSION = YES;
				CLANG_WARN_INT_CONVERSION = YES;
				CLANG_WARN_NON_LITERAL_NULL_CONVERSION = YES;
				CLANG_WARN_OBJC_IMPLICIT_RETAIN_SELF = YES;
				CLANG_WARN_OBJC_LITERAL_CONVERSION = YES;
				CLANG_WARN_OBJC_ROOT_CLASS = YES_ERROR;
				CLANG_WARN_QUOTED_INCLUDE_IN_FRAMEWORK_HEADER = YES;
				CLANG_WARN_RANGE_LOOP_ANALYSIS = YES;
				CLANG_WARN_STRICT_PROTOTYPES = YES;
				CLANG_WARN_SUSPICIOUS_MOVE = YES;
				CLANG_WARN_UNGUARDED_AVAILABILITY = YES_AGGRESSIVE;
				CLANG_WARN_UNREACHABLE_CODE = YES;
				CLANG_WARN__DUPLICATE_METHOD_MATCH = YES;
				COPY_PHASE_STRIP = NO;
				DEBUG_INFORMATION_FORMAT = "dwarf-with-dsym";
				ENABLE_NS_ASSERTIONS = NO;
				ENABLE_STRICT_OBJC_MSGSEND = YES;
				ENABLE_USER_SCRIPT_SANDBOXING = YES;
				GCC_C_LANGUAGE_STANDARD = gnu17;
				GCC_NO_COMMON_BLOCKS = YES;
				GCC_WARN_64_TO_32_BIT_CONVERSION = YES;
				GCC_WARN_ABOUT_RETURN_TYPE = YES_ERROR;
				GCC_WARN_UNDECLARED_SELECTOR = YES;
				GCC_WARN_UNINITIALIZED_AUTOS = YES_AGGRESSIVE;
				GCC_WARN_UNUSED_FUNCTION = YES;
				GCC_WARN_UNUSED_VARIABLE = YES;
				IPHONEOS_DEPLOYMENT_TARGET = 18.0;
				LOCALIZATION_PREFERS_STRING_CATALOGS = YES;
				MTL_ENABLE_DEBUG_INFO = NO;
				MTL_FAST_MATH = YES;
				SDKROOT = iphoneos;
				SWIFT_COMPILATION_MODE = wholemodule;
				VALIDATE_PRODUCT = YES;
			};
			name = Release;
		};
		18188C842E66B0CD00D7A7C7 /* Debug */ = {
			isa = XCBuildConfiguration;
			buildSettings = {
				ASSETCATALOG_COMPILER_APPICON_NAME = AppIcon;
				ASSETCATALOG_COMPILER_GLOBAL_ACCENT_COLOR_NAME = AccentColor;
				CODE_SIGN_STYLE = Automatic;
				CURRENT_PROJECT_VERSION = 1;
				DEVELOPMENT_ASSET_PATHS = "\"MXVideoSaver/Preview Content\"";
				ENABLE_PREVIEWS = YES;
				GENERATE_INFOPLIST_FILE = YES;
				INFOPLIST_FILE = MXVideoSaver/Info.plist;
				INFOPLIST_KEY_UIApplicationSceneManifest_Generation = YES;
				INFOPLIST_KEY_UIApplicationSupportsIndirectInputEvents = YES;
				INFOPLIST_KEY_UILaunchScreen_Generation = YES;
				INFOPLIST_KEY_UISupportedInterfaceOrientations_iPad = "UIInterfaceOrientationPortrait UIInterfaceOrientationPortraitUpsideDown UIInterfaceOrientationLandscapeLeft UIInterfaceOrientationLandscapeRight";
				INFOPLIST_KEY_UISupportedInterfaceOrientations_iPhone = "UIInterfaceOrientationPortrait UIInterfaceOrientationLandscapeLeft UIInterfaceOrientationLandscapeRight";
				LD_RUNPATH_SEARCH_PATHS = (
					"$(inherited)",
					"@executable_path/Frameworks",
				);
				MARKETING_VERSION = 1.0;
				PRODUCT_BUNDLE_IDENTIFIER = com.ios.MXVideoSaver;
				PRODUCT_NAME = "$(TARGET_NAME)";
				SWIFT_EMIT_LOC_STRINGS = YES;
				SWIFT_VERSION = 5.0;
				TARGETED_DEVICE_FAMILY = "1,2";
			};
			name = Debug;
		};
		18188C852E66B0CD00D7A7C7 /* Release */ = {
			isa = XCBuildConfiguration;
			buildSettings = {
				ASSETCATALOG_COMPILER_APPICON_NAME = AppIcon;
				ASSETCATALOG_COMPILER_GLOBAL_ACCENT_COLOR_NAME = AccentColor;
				CODE_SIGN_STYLE = Automatic;
				CURRENT_PROJECT_VERSION = 1;
				DEVELOPMENT_ASSET_PATHS = "\"MXVideoSaver/Preview Content\"";
				ENABLE_PREVIEWS = YES;
				GENERATE_INFOPLIST_FILE = YES;
				INFOPLIST_FILE = MXVideoSaver/Info.plist;
				INFOPLIST_KEY_UIApplicationSceneManifest_Generation = YES;
				INFOPLIST_KEY_UIApplicationSupportsIndirectInputEvents = YES;
				INFOPLIST_KEY_UILaunchScreen_Generation = YES;
				INFOPLIST_KEY_UISupportedInterfaceOrientations_iPad = "UIInterfaceOrientationPortrait UIInterfaceOrientationPortraitUpsideDown UIInterfaceOrientationLandscapeLeft UIInterfaceOrientationLandscapeRight";
				INFOPLIST_KEY_UISupportedInterfaceOrientations_iPhone = "UIInterfaceOrientationPortrait UIInterfaceOrientationLandscapeLeft UIInterfaceOrientationLandscapeRight";
				LD_RUNPATH_SEARCH_PATHS = (
					"$(inherited)",
					"@executable_path/Frameworks",
				);
				MARKETING_VERSION = 1.0;
				PRODUCT_BUNDLE_IDENTIFIER = com.ios.MXVideoSaver;
				PRODUCT_NAME = "$(TARGET_NAME)";
				SWIFT_EMIT_LOC_STRINGS = YES;
				SWIFT_VERSION = 5.0;
				TARGETED_DEVICE_FAMILY = "1,2";
			};
			name = Release;
		};
/* End XCBuildConfiguration section */

/* Begin XCConfigurationList section */
		18188C702E66B0CB00D7A7C7 /* Build configuration list for PBXProject "MXVideoSaver" */ = {
			isa = XCConfigurationList;
			buildConfigurations = (
				18188C812E66B0CD00D7A7C7 /* Debug */,
				18188C822E66B0CD00D7A7C7 /* Release */,
			);
			defaultConfigurationIsVisible = 0;
			defaultConfigurationName = Release;
		};
		18188C832E66B0CD00D7A7C7 /* Build configuration list for PBXNativeTarget "MXVideoSaver" */ = {
			isa = XCConfigurationList;
			buildConfigurations = (
				18188C842E66B0CD00D7A7C7 /* Debug */,
				18188C852E66B0CD00D7A7C7 /* Release */,
			);
			defaultConfigurationIsVisible = 0;
			defaultConfigurationName = Release;
		};
/* End XCConfigurationList section */

/* Begin XCRemoteSwiftPackageReference section */
		18188E532E66C2BE00D7A7C7 /* XCRemoteSwiftPackageReference "firebase-ios-sdk" */ = {
			isa = XCRemoteSwiftPackageReference;
			repositoryURL = "https://github.com/firebase/firebase-ios-sdk.git";
			requirement = {
				kind = upToNextMajorVersion;
				minimumVersion = 12.2.0;
			};
		};
		18188E582E66C2E800D7A7C7 /* XCRemoteSwiftPackageReference "IQKeyboardManager" */ = {
			isa = XCRemoteSwiftPackageReference;
			repositoryURL = "https://github.com/hackiftekhar/IQKeyboardManager.git";
			requirement = {
				kind = upToNextMajorVersion;
				minimumVersion = 8.0.1;
			};
		};
		18188E5B2E66C2FE00D7A7C7 /* XCRemoteSwiftPackageReference "purchases-ios-spm" */ = {
			isa = XCRemoteSwiftPackageReference;
			repositoryURL = "https://github.com/RevenueCat/purchases-ios-spm.git";
			requirement = {
				kind = upToNextMajorVersion;
				minimumVersion = 5.36.0;
			};
		};
		18188E5E2E66C31C00D7A7C7 /* XCRemoteSwiftPackageReference "Reachability.swift" */ = {
			isa = XCRemoteSwiftPackageReference;
			repositoryURL = "https://github.com/ashleymills/Reachability.swift.git";
			requirement = {
				branch = master;
				kind = branch;
			};
		};
		18188E612E66C33B00D7A7C7 /* XCRemoteSwiftPackageReference "swift-package-manager-google-mobile-ads" */ = {
			isa = XCRemoteSwiftPackageReference;
			repositoryURL = "https://github.com/googleads/swift-package-manager-google-mobile-ads.git";
			requirement = {
				kind = upToNextMajorVersion;
				minimumVersion = 12.9.0;
			};
		};
		18188E642E66C35800D7A7C7 /* XCRemoteSwiftPackageReference "swifty-ads" */ = {
			isa = XCRemoteSwiftPackageReference;
			repositoryURL = "https://github.com/crashoverride777/swifty-ads.git";
			requirement = {
				kind = upToNextMajorVersion;
				minimumVersion = 20.2.0;
			};
		};
/* End XCRemoteSwiftPackageReference section */

/* Begin XCSwiftPackageProductDependency section */
		18188E542E66C2BE00D7A7C7 /* FirebaseCrashlytics */ = {
			isa = XCSwiftPackageProductDependency;
			package = 18188E532E66C2BE00D7A7C7 /* XCRemoteSwiftPackageReference "firebase-ios-sdk" */;
			productName = FirebaseCrashlytics;
		};
		18188E562E66C2BE00D7A7C7 /* FirebaseRemoteConfig */ = {
			isa = XCSwiftPackageProductDependency;
			package = 18188E532E66C2BE00D7A7C7 /* XCRemoteSwiftPackageReference "firebase-ios-sdk" */;
			productName = FirebaseRemoteConfig;
		};
		18188E592E66C2E800D7A7C7 /* IQKeyboardManagerSwift */ = {
			isa = XCSwiftPackageProductDependency;
			package = 18188E582E66C2E800D7A7C7 /* XCRemoteSwiftPackageReference "IQKeyboardManager" */;
			productName = IQKeyboardManagerSwift;
		};
		18188E5C2E66C2FE00D7A7C7 /* RevenueCat */ = {
			isa = XCSwiftPackageProductDependency;
			package = 18188E5B2E66C2FE00D7A7C7 /* XCRemoteSwiftPackageReference "purchases-ios-spm" */;
			productName = RevenueCat;
		};
		18188E5F2E66C31C00D7A7C7 /* Reachability */ = {
			isa = XCSwiftPackageProductDependency;
			package = 18188E5E2E66C31C00D7A7C7 /* XCRemoteSwiftPackageReference "Reachability.swift" */;
			productName = Reachability;
		};
		18188E622E66C33B00D7A7C7 /* GoogleMobileAds */ = {
			isa = XCSwiftPackageProductDependency;
			package = 18188E612E66C33B00D7A7C7 /* XCRemoteSwiftPackageReference "swift-package-manager-google-mobile-ads" */;
			productName = GoogleMobileAds;
		};
		18188E652E66C35800D7A7C7 /* SwiftyAds */ = {
			isa = XCSwiftPackageProductDependency;
			package = 18188E642E66C35800D7A7C7 /* XCRemoteSwiftPackageReference "swifty-ads" */;
			productName = SwiftyAds;
		};
/* End XCSwiftPackageProductDependency section */
	};
	rootObject = 18188C6D2E66B0CB00D7A7C7 /* Project object */;
}
